
Microsoft Visual Studio Solution File, Format Version 12.00
# Visual Studio Version 16
VisualStudioVersion = 16.0.29102.190
MinimumVisualStudioVersion = 10.0.40219.1
Project("{9A19103F-16F7-4668-BE54-9A1E7A4F7556}") = "SpecFlowPractice", "SpecFlowPractice\SpecFlowPractice.csproj", "{7C84B85F-46F6-456F-9E98-881C888402D1}"
EndProject
Global
	GlobalSection(SolutionConfigurationPlatforms) = preSolution
		Debug|Any CPU = Debug|Any CPU
		Release|Any CPU = Release|Any CPU
	EndGlobalSection
	GlobalSection(ProjectConfigurationPlatforms) = postSolution
		{7C84B85F-46F6-456F-9E98-881C888402D1}.Debug|Any CPU.ActiveCfg = Debug|Any CPU
		{7C84B85F-46F6-456F-9E98-881C888402D1}.Debug|Any CPU.Build.0 = Debug|Any CPU
		{7C84B85F-46F6-456F-9E98-881C888402D1}.Release|Any CPU.ActiveCfg = Release|Any CPU
		{7C84B85F-46F6-456F-9E98-881C888402D1}.Release|Any CPU.Build.0 = Release|Any CPU
	EndGlobalSection
	GlobalSection(SolutionProperties) = preSolution
		HideSolutionNode = FALSE
	EndGlobalSection
	GlobalSection(ExtensibilityGlobals) = postSolution
		SolutionGuid = {92F9FBB2-F5A2-477D-96B0-10EABD122A57}
	EndGlobalSection
EndGlobal
