
Microsoft Visual Studio Solution File, Format Version 12.00
# Visual Studio 15
Project("{FAE04EC0-301F-11D3-BF4B-00C04F79EFBC}") = "iOSDesign.Android", "iOSDesign.Android\iOSDesign.Android.csproj", "{986E9DF7-A142-49FD-9B30-F6F523ECEA31}"
EndProject
Project("{FAE04EC0-301F-11D3-BF4B-00C04F79EFBC}") = "iOSDesign.iOS", "iOSDesign.iOS\iOSDesign.iOS.csproj", "{6A4E2D2E-D41C-4CEE-81F1-DE49F0AC8F9F}"
EndProject
Project("{FAE04EC0-301F-11D3-BF4B-00C04F79EFBC}") = "iOSDesign", "iOSDesign\iOSDesign.csproj", "{E9F59EC4-18AF-4645-B134-4A053E65A6E9}"
EndProject
Global
	GlobalSection(SolutionConfigurationPlatforms) = preSolution
		Debug|Any CPU = Debug|Any CPU
		Release|Any CPU = Release|Any CPU
		Debug|iPhoneSimulator = Debug|iPhoneSimulator
		Release|iPhoneSimulator = Release|iPhoneSimulator
		Debug|iPhone = Debug|iPhone
		Release|iPhone = Release|iPhone
	EndGlobalSection
	GlobalSection(ProjectConfigurationPlatforms) = postSolution
		{986E9DF7-A142-49FD-9B30-F6F523ECEA31}.Debug|Any CPU.ActiveCfg = Debug|Any CPU
		{986E9DF7-A142-49FD-9B30-F6F523ECEA31}.Debug|Any CPU.Build.0 = Debug|Any CPU
		{986E9DF7-A142-49FD-9B30-F6F523ECEA31}.Release|Any CPU.ActiveCfg = Release|Any CPU
		{986E9DF7-A142-49FD-9B30-F6F523ECEA31}.Release|Any CPU.Build.0 = Release|Any CPU
		{986E9DF7-A142-49FD-9B30-F6F523ECEA31}.Debug|iPhoneSimulator.ActiveCfg = Debug|Any CPU
		{986E9DF7-A142-49FD-9B30-F6F523ECEA31}.Debug|iPhoneSimulator.Build.0 = Debug|Any CPU
		{986E9DF7-A142-49FD-9B30-F6F523ECEA31}.Release|iPhoneSimulator.ActiveCfg = Release|Any CPU
		{986E9DF7-A142-49FD-9B30-F6F523ECEA31}.Release|iPhoneSimulator.Build.0 = Release|Any CPU
		{986E9DF7-A142-49FD-9B30-F6F523ECEA31}.Debug|iPhone.ActiveCfg = Debug|Any CPU
		{986E9DF7-A142-49FD-9B30-F6F523ECEA31}.Debug|iPhone.Build.0 = Debug|Any CPU
		{986E9DF7-A142-49FD-9B30-F6F523ECEA31}.Release|iPhone.ActiveCfg = Release|Any CPU
		{986E9DF7-A142-49FD-9B30-F6F523ECEA31}.Release|iPhone.Build.0 = Release|Any CPU
		{6A4E2D2E-D41C-4CEE-81F1-DE49F0AC8F9F}.Debug|Any CPU.ActiveCfg = Debug|iPhoneSimulator
		{6A4E2D2E-D41C-4CEE-81F1-DE49F0AC8F9F}.Debug|Any CPU.Build.0 = Debug|iPhoneSimulator
		{6A4E2D2E-D41C-4CEE-81F1-DE49F0AC8F9F}.Release|Any CPU.ActiveCfg = Release|iPhoneSimulator
		{6A4E2D2E-D41C-4CEE-81F1-DE49F0AC8F9F}.Release|Any CPU.Build.0 = Release|iPhoneSimulator
		{6A4E2D2E-D41C-4CEE-81F1-DE49F0AC8F9F}.Debug|iPhoneSimulator.ActiveCfg = Debug|iPhoneSimulator
		{6A4E2D2E-D41C-4CEE-81F1-DE49F0AC8F9F}.Debug|iPhoneSimulator.Build.0 = Debug|iPhoneSimulator
		{6A4E2D2E-D41C-4CEE-81F1-DE49F0AC8F9F}.Release|iPhoneSimulator.ActiveCfg = Release|iPhoneSimulator
		{6A4E2D2E-D41C-4CEE-81F1-DE49F0AC8F9F}.Release|iPhoneSimulator.Build.0 = Release|iPhoneSimulator
		{6A4E2D2E-D41C-4CEE-81F1-DE49F0AC8F9F}.Debug|iPhone.ActiveCfg = Debug|iPhone
		{6A4E2D2E-D41C-4CEE-81F1-DE49F0AC8F9F}.Debug|iPhone.Build.0 = Debug|iPhone
		{6A4E2D2E-D41C-4CEE-81F1-DE49F0AC8F9F}.Release|iPhone.ActiveCfg = Release|iPhone
		{6A4E2D2E-D41C-4CEE-81F1-DE49F0AC8F9F}.Release|iPhone.Build.0 = Release|iPhone
		{E9F59EC4-18AF-4645-B134-4A053E65A6E9}.Debug|Any CPU.ActiveCfg = Debug|Any CPU
		{E9F59EC4-18AF-4645-B134-4A053E65A6E9}.Debug|Any CPU.Build.0 = Debug|Any CPU
		{E9F59EC4-18AF-4645-B134-4A053E65A6E9}.Release|Any CPU.ActiveCfg = Release|Any CPU
		{E9F59EC4-18AF-4645-B134-4A053E65A6E9}.Release|Any CPU.Build.0 = Release|Any CPU
		{E9F59EC4-18AF-4645-B134-4A053E65A6E9}.Debug|iPhoneSimulator.ActiveCfg = Debug|Any CPU
		{E9F59EC4-18AF-4645-B134-4A053E65A6E9}.Debug|iPhoneSimulator.Build.0 = Debug|Any CPU
		{E9F59EC4-18AF-4645-B134-4A053E65A6E9}.Release|iPhoneSimulator.ActiveCfg = Release|Any CPU
		{E9F59EC4-18AF-4645-B134-4A053E65A6E9}.Release|iPhoneSimulator.Build.0 = Release|Any CPU
		{E9F59EC4-18AF-4645-B134-4A053E65A6E9}.Debug|iPhone.ActiveCfg = Debug|Any CPU
		{E9F59EC4-18AF-4645-B134-4A053E65A6E9}.Debug|iPhone.Build.0 = Debug|Any CPU
		{E9F59EC4-18AF-4645-B134-4A053E65A6E9}.Release|iPhone.ActiveCfg = Release|Any CPU
		{E9F59EC4-18AF-4645-B134-4A053E65A6E9}.Release|iPhone.Build.0 = Release|Any CPU
	EndGlobalSection
EndGlobal
