
Microsoft Visual Studio Solution File, Format Version 12.00
# Visual Studio 15
VisualStudioVersion = 15.0.27428.2005
MinimumVisualStudioVersion = 10.0.40219.1
Project("{2150E333-8FDC-42A3-9474-1A3956D46DE8}") = "Main", "Main", "{8795BBC2-2A83-401D-9E2D-04792031E1E6}"
EndProject
Project("{2150E333-8FDC-42A3-9474-1A3956D46DE8}") = "Native", "Native", "{DCF07324-9957-4D11-A86A-1679C7B7E8A6}"
EndProject
Project("{FAE04EC0-301F-11D3-BF4B-00C04F79EFBC}") = "JavaBinding", "..\JavaBinding\JavaBinding\JavaBinding.csproj", "{B26CAEC3-BD94-4AFD-BDCD-AD81889986AA}"
EndProject
Project("{FAE04EC0-301F-11D3-BF4B-00C04F79EFBC}") = "XamarinBindings.Android", "XamarinBindings\XamarinBindings.Android\XamarinBindings.Android.csproj", "{40D24072-75A1-4511-8D1A-33DD1897CF80}"
EndProject
Project("{FAE04EC0-301F-11D3-BF4B-00C04F79EFBC}") = "XamarinBindings.iOS", "XamarinBindings\XamarinBindings.iOS\XamarinBindings.iOS.csproj", "{92469145-454A-4F95-83D4-B71BED7A4930}"
EndProject
Project("{9A19103F-16F7-4668-BE54-9A1E7A4F7556}") = "XamarinBindings", "XamarinBindings\XamarinBindings\XamarinBindings.csproj", "{E3B2CECC-DFAC-47C4-9792-ABBE2735721B}"
EndProject
Global
	GlobalSection(SolutionConfigurationPlatforms) = preSolution
		Ad-Hoc|Any CPU = Ad-Hoc|Any CPU
		Ad-Hoc|iPhone = Ad-Hoc|iPhone
		Ad-Hoc|iPhoneSimulator = Ad-Hoc|iPhoneSimulator
		AppStore|Any CPU = AppStore|Any CPU
		AppStore|iPhone = AppStore|iPhone
		AppStore|iPhoneSimulator = AppStore|iPhoneSimulator
		Debug|Any CPU = Debug|Any CPU
		Debug|iPhone = Debug|iPhone
		Debug|iPhoneSimulator = Debug|iPhoneSimulator
		Release|Any CPU = Release|Any CPU
		Release|iPhone = Release|iPhone
		Release|iPhoneSimulator = Release|iPhoneSimulator
	EndGlobalSection
	GlobalSection(ProjectConfigurationPlatforms) = postSolution
		{B26CAEC3-BD94-4AFD-BDCD-AD81889986AA}.Ad-Hoc|Any CPU.ActiveCfg = Release|Any CPU
		{B26CAEC3-BD94-4AFD-BDCD-AD81889986AA}.Ad-Hoc|Any CPU.Build.0 = Release|Any CPU
		{B26CAEC3-BD94-4AFD-BDCD-AD81889986AA}.Ad-Hoc|iPhone.ActiveCfg = Release|Any CPU
		{B26CAEC3-BD94-4AFD-BDCD-AD81889986AA}.Ad-Hoc|iPhone.Build.0 = Release|Any CPU
		{B26CAEC3-BD94-4AFD-BDCD-AD81889986AA}.Ad-Hoc|iPhoneSimulator.ActiveCfg = Release|Any CPU
		{B26CAEC3-BD94-4AFD-BDCD-AD81889986AA}.Ad-Hoc|iPhoneSimulator.Build.0 = Release|Any CPU
		{B26CAEC3-BD94-4AFD-BDCD-AD81889986AA}.AppStore|Any CPU.ActiveCfg = Release|Any CPU
		{B26CAEC3-BD94-4AFD-BDCD-AD81889986AA}.AppStore|Any CPU.Build.0 = Release|Any CPU
		{B26CAEC3-BD94-4AFD-BDCD-AD81889986AA}.AppStore|iPhone.ActiveCfg = Release|Any CPU
		{B26CAEC3-BD94-4AFD-BDCD-AD81889986AA}.AppStore|iPhone.Build.0 = Release|Any CPU
		{B26CAEC3-BD94-4AFD-BDCD-AD81889986AA}.AppStore|iPhoneSimulator.ActiveCfg = Release|Any CPU
		{B26CAEC3-BD94-4AFD-BDCD-AD81889986AA}.AppStore|iPhoneSimulator.Build.0 = Release|Any CPU
		{B26CAEC3-BD94-4AFD-BDCD-AD81889986AA}.Debug|Any CPU.ActiveCfg = Debug|Any CPU
		{B26CAEC3-BD94-4AFD-BDCD-AD81889986AA}.Debug|Any CPU.Build.0 = Debug|Any CPU
		{B26CAEC3-BD94-4AFD-BDCD-AD81889986AA}.Debug|iPhone.ActiveCfg = Debug|Any CPU
		{B26CAEC3-BD94-4AFD-BDCD-AD81889986AA}.Debug|iPhone.Build.0 = Debug|Any CPU
		{B26CAEC3-BD94-4AFD-BDCD-AD81889986AA}.Debug|iPhoneSimulator.ActiveCfg = Debug|Any CPU
		{B26CAEC3-BD94-4AFD-BDCD-AD81889986AA}.Debug|iPhoneSimulator.Build.0 = Debug|Any CPU
		{B26CAEC3-BD94-4AFD-BDCD-AD81889986AA}.Release|Any CPU.ActiveCfg = Release|Any CPU
		{B26CAEC3-BD94-4AFD-BDCD-AD81889986AA}.Release|Any CPU.Build.0 = Release|Any CPU
		{B26CAEC3-BD94-4AFD-BDCD-AD81889986AA}.Release|iPhone.ActiveCfg = Release|Any CPU
		{B26CAEC3-BD94-4AFD-BDCD-AD81889986AA}.Release|iPhone.Build.0 = Release|Any CPU
		{B26CAEC3-BD94-4AFD-BDCD-AD81889986AA}.Release|iPhoneSimulator.ActiveCfg = Release|Any CPU
		{B26CAEC3-BD94-4AFD-BDCD-AD81889986AA}.Release|iPhoneSimulator.Build.0 = Release|Any CPU
		{40D24072-75A1-4511-8D1A-33DD1897CF80}.Ad-Hoc|Any CPU.ActiveCfg = Release|Any CPU
		{40D24072-75A1-4511-8D1A-33DD1897CF80}.Ad-Hoc|Any CPU.Build.0 = Release|Any CPU
		{40D24072-75A1-4511-8D1A-33DD1897CF80}.Ad-Hoc|Any CPU.Deploy.0 = Release|Any CPU
		{40D24072-75A1-4511-8D1A-33DD1897CF80}.Ad-Hoc|iPhone.ActiveCfg = Release|Any CPU
		{40D24072-75A1-4511-8D1A-33DD1897CF80}.Ad-Hoc|iPhone.Build.0 = Release|Any CPU
		{40D24072-75A1-4511-8D1A-33DD1897CF80}.Ad-Hoc|iPhone.Deploy.0 = Release|Any CPU
		{40D24072-75A1-4511-8D1A-33DD1897CF80}.Ad-Hoc|iPhoneSimulator.ActiveCfg = Release|Any CPU
		{40D24072-75A1-4511-8D1A-33DD1897CF80}.Ad-Hoc|iPhoneSimulator.Build.0 = Release|Any CPU
		{40D24072-75A1-4511-8D1A-33DD1897CF80}.Ad-Hoc|iPhoneSimulator.Deploy.0 = Release|Any CPU
		{40D24072-75A1-4511-8D1A-33DD1897CF80}.AppStore|Any CPU.ActiveCfg = Release|Any CPU
		{40D24072-75A1-4511-8D1A-33DD1897CF80}.AppStore|Any CPU.Build.0 = Release|Any CPU
		{40D24072-75A1-4511-8D1A-33DD1897CF80}.AppStore|Any CPU.Deploy.0 = Release|Any CPU
		{40D24072-75A1-4511-8D1A-33DD1897CF80}.AppStore|iPhone.ActiveCfg = Release|Any CPU
		{40D24072-75A1-4511-8D1A-33DD1897CF80}.AppStore|iPhone.Build.0 = Release|Any CPU
		{40D24072-75A1-4511-8D1A-33DD1897CF80}.AppStore|iPhone.Deploy.0 = Release|Any CPU
		{40D24072-75A1-4511-8D1A-33DD1897CF80}.AppStore|iPhoneSimulator.ActiveCfg = Release|Any CPU
		{40D24072-75A1-4511-8D1A-33DD1897CF80}.AppStore|iPhoneSimulator.Build.0 = Release|Any CPU
		{40D24072-75A1-4511-8D1A-33DD1897CF80}.AppStore|iPhoneSimulator.Deploy.0 = Release|Any CPU
		{40D24072-75A1-4511-8D1A-33DD1897CF80}.Debug|Any CPU.ActiveCfg = Debug|Any CPU
		{40D24072-75A1-4511-8D1A-33DD1897CF80}.Debug|Any CPU.Build.0 = Debug|Any CPU
		{40D24072-75A1-4511-8D1A-33DD1897CF80}.Debug|Any CPU.Deploy.0 = Debug|Any CPU
		{40D24072-75A1-4511-8D1A-33DD1897CF80}.Debug|iPhone.ActiveCfg = Debug|Any CPU
		{40D24072-75A1-4511-8D1A-33DD1897CF80}.Debug|iPhone.Build.0 = Debug|Any CPU
		{40D24072-75A1-4511-8D1A-33DD1897CF80}.Debug|iPhone.Deploy.0 = Debug|Any CPU
		{40D24072-75A1-4511-8D1A-33DD1897CF80}.Debug|iPhoneSimulator.ActiveCfg = Debug|Any CPU
		{40D24072-75A1-4511-8D1A-33DD1897CF80}.Debug|iPhoneSimulator.Build.0 = Debug|Any CPU
		{40D24072-75A1-4511-8D1A-33DD1897CF80}.Debug|iPhoneSimulator.Deploy.0 = Debug|Any CPU
		{40D24072-75A1-4511-8D1A-33DD1897CF80}.Release|Any CPU.ActiveCfg = Release|Any CPU
		{40D24072-75A1-4511-8D1A-33DD1897CF80}.Release|Any CPU.Build.0 = Release|Any CPU
		{40D24072-75A1-4511-8D1A-33DD1897CF80}.Release|Any CPU.Deploy.0 = Release|Any CPU
		{40D24072-75A1-4511-8D1A-33DD1897CF80}.Release|iPhone.ActiveCfg = Release|Any CPU
		{40D24072-75A1-4511-8D1A-33DD1897CF80}.Release|iPhone.Build.0 = Release|Any CPU
		{40D24072-75A1-4511-8D1A-33DD1897CF80}.Release|iPhone.Deploy.0 = Release|Any CPU
		{40D24072-75A1-4511-8D1A-33DD1897CF80}.Release|iPhoneSimulator.ActiveCfg = Release|Any CPU
		{40D24072-75A1-4511-8D1A-33DD1897CF80}.Release|iPhoneSimulator.Build.0 = Release|Any CPU
		{40D24072-75A1-4511-8D1A-33DD1897CF80}.Release|iPhoneSimulator.Deploy.0 = Release|Any CPU
		{92469145-454A-4F95-83D4-B71BED7A4930}.Ad-Hoc|Any CPU.ActiveCfg = Ad-Hoc|iPhone
		{92469145-454A-4F95-83D4-B71BED7A4930}.Ad-Hoc|iPhone.ActiveCfg = Ad-Hoc|iPhone
		{92469145-454A-4F95-83D4-B71BED7A4930}.Ad-Hoc|iPhone.Build.0 = Ad-Hoc|iPhone
		{92469145-454A-4F95-83D4-B71BED7A4930}.Ad-Hoc|iPhoneSimulator.ActiveCfg = Ad-Hoc|iPhoneSimulator
		{92469145-454A-4F95-83D4-B71BED7A4930}.Ad-Hoc|iPhoneSimulator.Build.0 = Ad-Hoc|iPhoneSimulator
		{92469145-454A-4F95-83D4-B71BED7A4930}.AppStore|Any CPU.ActiveCfg = AppStore|iPhone
		{92469145-454A-4F95-83D4-B71BED7A4930}.AppStore|iPhone.ActiveCfg = AppStore|iPhone
		{92469145-454A-4F95-83D4-B71BED7A4930}.AppStore|iPhone.Build.0 = AppStore|iPhone
		{92469145-454A-4F95-83D4-B71BED7A4930}.AppStore|iPhoneSimulator.ActiveCfg = AppStore|iPhoneSimulator
		{92469145-454A-4F95-83D4-B71BED7A4930}.AppStore|iPhoneSimulator.Build.0 = AppStore|iPhoneSimulator
		{92469145-454A-4F95-83D4-B71BED7A4930}.Debug|Any CPU.ActiveCfg = Debug|iPhone
		{92469145-454A-4F95-83D4-B71BED7A4930}.Debug|iPhone.ActiveCfg = Debug|iPhone
		{92469145-454A-4F95-83D4-B71BED7A4930}.Debug|iPhone.Build.0 = Debug|iPhone
		{92469145-454A-4F95-83D4-B71BED7A4930}.Debug|iPhoneSimulator.ActiveCfg = Debug|iPhoneSimulator
		{92469145-454A-4F95-83D4-B71BED7A4930}.Debug|iPhoneSimulator.Build.0 = Debug|iPhoneSimulator
		{92469145-454A-4F95-83D4-B71BED7A4930}.Release|Any CPU.ActiveCfg = Release|iPhone
		{92469145-454A-4F95-83D4-B71BED7A4930}.Release|iPhone.ActiveCfg = Release|iPhone
		{92469145-454A-4F95-83D4-B71BED7A4930}.Release|iPhone.Build.0 = Release|iPhone
		{92469145-454A-4F95-83D4-B71BED7A4930}.Release|iPhoneSimulator.ActiveCfg = Release|iPhoneSimulator
		{92469145-454A-4F95-83D4-B71BED7A4930}.Release|iPhoneSimulator.Build.0 = Release|iPhoneSimulator
		{E3B2CECC-DFAC-47C4-9792-ABBE2735721B}.Ad-Hoc|Any CPU.ActiveCfg = Debug|Any CPU
		{E3B2CECC-DFAC-47C4-9792-ABBE2735721B}.Ad-Hoc|Any CPU.Build.0 = Debug|Any CPU
		{E3B2CECC-DFAC-47C4-9792-ABBE2735721B}.Ad-Hoc|iPhone.ActiveCfg = Debug|Any CPU
		{E3B2CECC-DFAC-47C4-9792-ABBE2735721B}.Ad-Hoc|iPhone.Build.0 = Debug|Any CPU
		{E3B2CECC-DFAC-47C4-9792-ABBE2735721B}.Ad-Hoc|iPhoneSimulator.ActiveCfg = Debug|Any CPU
		{E3B2CECC-DFAC-47C4-9792-ABBE2735721B}.Ad-Hoc|iPhoneSimulator.Build.0 = Debug|Any CPU
		{E3B2CECC-DFAC-47C4-9792-ABBE2735721B}.AppStore|Any CPU.ActiveCfg = Debug|Any CPU
		{E3B2CECC-DFAC-47C4-9792-ABBE2735721B}.AppStore|Any CPU.Build.0 = Debug|Any CPU
		{E3B2CECC-DFAC-47C4-9792-ABBE2735721B}.AppStore|iPhone.ActiveCfg = Debug|Any CPU
		{E3B2CECC-DFAC-47C4-9792-ABBE2735721B}.AppStore|iPhone.Build.0 = Debug|Any CPU
		{E3B2CECC-DFAC-47C4-9792-ABBE2735721B}.AppStore|iPhoneSimulator.ActiveCfg = Debug|Any CPU
		{E3B2CECC-DFAC-47C4-9792-ABBE2735721B}.AppStore|iPhoneSimulator.Build.0 = Debug|Any CPU
		{E3B2CECC-DFAC-47C4-9792-ABBE2735721B}.Debug|Any CPU.ActiveCfg = Debug|Any CPU
		{E3B2CECC-DFAC-47C4-9792-ABBE2735721B}.Debug|Any CPU.Build.0 = Debug|Any CPU
		{E3B2CECC-DFAC-47C4-9792-ABBE2735721B}.Debug|iPhone.ActiveCfg = Debug|Any CPU
		{E3B2CECC-DFAC-47C4-9792-ABBE2735721B}.Debug|iPhone.Build.0 = Debug|Any CPU
		{E3B2CECC-DFAC-47C4-9792-ABBE2735721B}.Debug|iPhoneSimulator.ActiveCfg = Debug|Any CPU
		{E3B2CECC-DFAC-47C4-9792-ABBE2735721B}.Debug|iPhoneSimulator.Build.0 = Debug|Any CPU
		{E3B2CECC-DFAC-47C4-9792-ABBE2735721B}.Release|Any CPU.ActiveCfg = Release|Any CPU
		{E3B2CECC-DFAC-47C4-9792-ABBE2735721B}.Release|Any CPU.Build.0 = Release|Any CPU
		{E3B2CECC-DFAC-47C4-9792-ABBE2735721B}.Release|iPhone.ActiveCfg = Release|Any CPU
		{E3B2CECC-DFAC-47C4-9792-ABBE2735721B}.Release|iPhone.Build.0 = Release|Any CPU
		{E3B2CECC-DFAC-47C4-9792-ABBE2735721B}.Release|iPhoneSimulator.ActiveCfg = Release|Any CPU
		{E3B2CECC-DFAC-47C4-9792-ABBE2735721B}.Release|iPhoneSimulator.Build.0 = Release|Any CPU
	EndGlobalSection
	GlobalSection(SolutionProperties) = preSolution
		HideSolutionNode = FALSE
	EndGlobalSection
	GlobalSection(NestedProjects) = preSolution
		{B26CAEC3-BD94-4AFD-BDCD-AD81889986AA} = {DCF07324-9957-4D11-A86A-1679C7B7E8A6}
		{40D24072-75A1-4511-8D1A-33DD1897CF80} = {8795BBC2-2A83-401D-9E2D-04792031E1E6}
		{92469145-454A-4F95-83D4-B71BED7A4930} = {8795BBC2-2A83-401D-9E2D-04792031E1E6}
		{E3B2CECC-DFAC-47C4-9792-ABBE2735721B} = {8795BBC2-2A83-401D-9E2D-04792031E1E6}
	EndGlobalSection
	GlobalSection(ExtensibilityGlobals) = postSolution
		SolutionGuid = {F4DA8A20-C72E-4004-A0F0-30DCD23B9418}
	EndGlobalSection
EndGlobal
